// !$*UTF8*$!
{
	archiveVersion = 1;
	classes = {
	};
	objectVersion = 55;
	objects = {

/* Begin PBXBuildFile section */
		05D110E6F0521463910A88F6 /* Pods_LoopWithMe_LoopWithMeUITests.framework in Frameworks */ = {isa = PBXBuildFile; fileRef = 0E539C0BCF8B8F9469D9F974 /* Pods_LoopWithMe_LoopWithMeUITests.framework */; };
		1F95AB038BD28820930E6E98 /* Pods_LoopWithMeTests.framework in Frameworks */ = {isa = PBXBuildFile; fileRef = 85A0C5DCC7F707CB42A8BFC0 /* Pods_LoopWithMeTests.framework */; };
		298421F6287F3D1C001CB7D8 /* LoopTrackCell.m in Sources */ = {isa = PBXBuildFile; fileRef = 298421F5287F3D1C001CB7D8 /* LoopTrackCell.m */; };
		298421F9287F4465001CB7D8 /* NewLoopVC.m in Sources */ = {isa = PBXBuildFile; fileRef = 298421F8287F4465001CB7D8 /* NewLoopVC.m */; };
		29958C73287B6B8C0004D8D1 /* LoginVC.m in Sources */ = {isa = PBXBuildFile; fileRef = 29958C72287B6B8C0004D8D1 /* LoginVC.m */; };
		29958C76287B6BCC0004D8D1 /* SignUpVC.m in Sources */ = {isa = PBXBuildFile; fileRef = 29958C75287B6BCC0004D8D1 /* SignUpVC.m */; };
		29958C79287BA1EF0004D8D1 /* RecordingVC.m in Sources */ = {isa = PBXBuildFile; fileRef = 29958C78287BA1EF0004D8D1 /* RecordingVC.m */; };
		29958C7C287BA2120004D8D1 /* LoopStackVC.m in Sources */ = {isa = PBXBuildFile; fileRef = 29958C7B287BA2120004D8D1 /* LoopStackVC.m */; };
		29958C7F287BA25C0004D8D1 /* ShareVC.m in Sources */ = {isa = PBXBuildFile; fileRef = 29958C7E287BA25C0004D8D1 /* ShareVC.m */; };
		299C22BE2878833D0022D102 /* AppDelegate.m in Sources */ = {isa = PBXBuildFile; fileRef = 299C22BD2878833D0022D102 /* AppDelegate.m */; };
		299C22C12878833D0022D102 /* SceneDelegate.m in Sources */ = {isa = PBXBuildFile; fileRef = 299C22C02878833D0022D102 /* SceneDelegate.m */; };
		299C22C72878833D0022D102 /* Main.storyboard in Resources */ = {isa = PBXBuildFile; fileRef = 299C22C52878833D0022D102 /* Main.storyboard */; };
		299C22CA2878833D0022D102 /* LoopWithMe.xcdatamodeld in Sources */ = {isa = PBXBuildFile; fileRef = 299C22C82878833D0022D102 /* LoopWithMe.xcdatamodeld */; };
		299C22CC2878833E0022D102 /* Assets.xcassets in Resources */ = {isa = PBXBuildFile; fileRef = 299C22CB2878833E0022D102 /* Assets.xcassets */; };
		299C22CF2878833E0022D102 /* LaunchScreen.storyboard in Resources */ = {isa = PBXBuildFile; fileRef = 299C22CD2878833E0022D102 /* LaunchScreen.storyboard */; };
		299C22D22878833E0022D102 /* main.m in Sources */ = {isa = PBXBuildFile; fileRef = 299C22D12878833E0022D102 /* main.m */; };
		299C22DC2878833E0022D102 /* LoopWithMeTests.m in Sources */ = {isa = PBXBuildFile; fileRef = 299C22DB2878833E0022D102 /* LoopWithMeTests.m */; };
		299C22E62878833E0022D102 /* LoopWithMeUITests.m in Sources */ = {isa = PBXBuildFile; fileRef = 299C22E52878833E0022D102 /* LoopWithMeUITests.m */; };
		299C22E82878833E0022D102 /* LoopWithMeUITestsLaunchTests.m in Sources */ = {isa = PBXBuildFile; fileRef = 299C22E72878833E0022D102 /* LoopWithMeUITestsLaunchTests.m */; };
		299C22F728788CB60022D102 /* Keys.plist in Resources */ = {isa = PBXBuildFile; fileRef = 299C22F628788CB60022D102 /* Keys.plist */; };
		299C22FA287B40160022D102 /* Loop.m in Sources */ = {isa = PBXBuildFile; fileRef = 299C22F9287B40160022D102 /* Loop.m */; };
		299C22FE287B45A80022D102 /* Track.m in Sources */ = {isa = PBXBuildFile; fileRef = 299C22FD287B45A80022D102 /* Track.m */; };
		299C2301287B49380022D102 /* TempoAssistSettings.m in Sources */ = {isa = PBXBuildFile; fileRef = 299C2300287B49380022D102 /* TempoAssistSettings.m */; };
		299C2304287B4AAA0022D102 /* Track.m in Sources */ = {isa = PBXBuildFile; fileRef = 299C2303287B4AAA0022D102 /* Track.m */; };
		29A376FF28821CA90075D518 /* TrackFileManager.m in Sources */ = {isa = PBXBuildFile; fileRef = 29A376FE28821CA90075D518 /* TrackFileManager.m */; };
		29B7962B28887F88001E4ED6 /* HomeVC.m in Sources */ = {isa = PBXBuildFile; fileRef = 29B7962A28887F88001E4ED6 /* HomeVC.m */; };
		29B7962E28888064001E4ED6 /* FeedCell.m in Sources */ = {isa = PBXBuildFile; fileRef = 29B7962D28888064001E4ED6 /* FeedCell.m */; };
		29F2C4C8287CA49800861B7B /* ProfileVC.m in Sources */ = {isa = PBXBuildFile; fileRef = 29F2C4C7287CA49800861B7B /* ProfileVC.m */; };
		29F8CE062881E32900E85780 /* PlayStopButton.m in Sources */ = {isa = PBXBuildFile; fileRef = 29F8CE052881E32900E85780 /* PlayStopButton.m */; };
		2FDE26B5A4C00C5AC58F16AE /* Pods_LoopWithMe.framework in Frameworks */ = {isa = PBXBuildFile; fileRef = D091F9520F96FEB40B60FF51 /* Pods_LoopWithMe.framework */; };
/* End PBXBuildFile section */

/* Begin PBXContainerItemProxy section */
		299C22D82878833E0022D102 /* PBXContainerItemProxy */ = {
			isa = PBXContainerItemProxy;
			containerPortal = 299C22B12878833D0022D102 /* Project object */;
			proxyType = 1;
			remoteGlobalIDString = 299C22B82878833D0022D102;
			remoteInfo = LoopWithMe;
		};
		299C22E22878833E0022D102 /* PBXContainerItemProxy */ = {
			isa = PBXContainerItemProxy;
			containerPortal = 299C22B12878833D0022D102 /* Project object */;
			proxyType = 1;
			remoteGlobalIDString = 299C22B82878833D0022D102;
			remoteInfo = LoopWithMe;
		};
/* End PBXContainerItemProxy section */

/* Begin PBXFileReference section */
		06624472343DC8FC72E1C4EC /* Pods-LoopWithMeTests.debug.xcconfig */ = {isa = PBXFileReference; includeInIndex = 1; lastKnownFileType = text.xcconfig; name = "Pods-LoopWithMeTests.debug.xcconfig"; path = "Target Support Files/Pods-LoopWithMeTests/Pods-LoopWithMeTests.debug.xcconfig"; sourceTree = "<group>"; };
		0E539C0BCF8B8F9469D9F974 /* Pods_LoopWithMe_LoopWithMeUITests.framework */ = {isa = PBXFileReference; explicitFileType = wrapper.framework; includeInIndex = 0; path = Pods_LoopWithMe_LoopWithMeUITests.framework; sourceTree = BUILT_PRODUCTS_DIR; };
		298421F4287F3D1C001CB7D8 /* LoopTrackCell.h */ = {isa = PBXFileReference; lastKnownFileType = sourcecode.c.h; path = LoopTrackCell.h; sourceTree = "<group>"; };
		298421F5287F3D1C001CB7D8 /* LoopTrackCell.m */ = {isa = PBXFileReference; lastKnownFileType = sourcecode.c.objc; path = LoopTrackCell.m; sourceTree = "<group>"; };
		298421F7287F4465001CB7D8 /* NewLoopVC.h */ = {isa = PBXFileReference; lastKnownFileType = sourcecode.c.h; path = NewLoopVC.h; sourceTree = "<group>"; };
		298421F8287F4465001CB7D8 /* NewLoopVC.m */ = {isa = PBXFileReference; lastKnownFileType = sourcecode.c.objc; path = NewLoopVC.m; sourceTree = "<group>"; };
		29958C71287B6B8C0004D8D1 /* LoginVC.h */ = {isa = PBXFileReference; lastKnownFileType = sourcecode.c.h; path = LoginVC.h; sourceTree = "<group>"; };
		29958C72287B6B8C0004D8D1 /* LoginVC.m */ = {isa = PBXFileReference; lastKnownFileType = sourcecode.c.objc; path = LoginVC.m; sourceTree = "<group>"; };
		29958C74287B6BCC0004D8D1 /* SignUpVC.h */ = {isa = PBXFileReference; lastKnownFileType = sourcecode.c.h; path = SignUpVC.h; sourceTree = "<group>"; };
		29958C75287B6BCC0004D8D1 /* SignUpVC.m */ = {isa = PBXFileReference; lastKnownFileType = sourcecode.c.objc; path = SignUpVC.m; sourceTree = "<group>"; };
		29958C77287BA1EF0004D8D1 /* RecordingVC.h */ = {isa = PBXFileReference; lastKnownFileType = sourcecode.c.h; path = RecordingVC.h; sourceTree = "<group>"; };
		29958C78287BA1EF0004D8D1 /* RecordingVC.m */ = {isa = PBXFileReference; lastKnownFileType = sourcecode.c.objc; path = RecordingVC.m; sourceTree = "<group>"; };
		29958C7A287BA2120004D8D1 /* LoopStackVC.h */ = {isa = PBXFileReference; lastKnownFileType = sourcecode.c.h; path = LoopStackVC.h; sourceTree = "<group>"; };
		29958C7B287BA2120004D8D1 /* LoopStackVC.m */ = {isa = PBXFileReference; lastKnownFileType = sourcecode.c.objc; path = LoopStackVC.m; sourceTree = "<group>"; };
		29958C7D287BA25C0004D8D1 /* ShareVC.h */ = {isa = PBXFileReference; lastKnownFileType = sourcecode.c.h; path = ShareVC.h; sourceTree = "<group>"; };
		29958C7E287BA25C0004D8D1 /* ShareVC.m */ = {isa = PBXFileReference; lastKnownFileType = sourcecode.c.objc; path = ShareVC.m; sourceTree = "<group>"; };
		299C22B92878833D0022D102 /* LoopWithMe.app */ = {isa = PBXFileReference; explicitFileType = wrapper.application; includeInIndex = 0; path = LoopWithMe.app; sourceTree = BUILT_PRODUCTS_DIR; };
		299C22BC2878833D0022D102 /* AppDelegate.h */ = {isa = PBXFileReference; lastKnownFileType = sourcecode.c.h; path = AppDelegate.h; sourceTree = "<group>"; };
		299C22BD2878833D0022D102 /* AppDelegate.m */ = {isa = PBXFileReference; lastKnownFileType = sourcecode.c.objc; path = AppDelegate.m; sourceTree = "<group>"; };
		299C22BF2878833D0022D102 /* SceneDelegate.h */ = {isa = PBXFileReference; lastKnownFileType = sourcecode.c.h; path = SceneDelegate.h; sourceTree = "<group>"; };
		299C22C02878833D0022D102 /* SceneDelegate.m */ = {isa = PBXFileReference; lastKnownFileType = sourcecode.c.objc; path = SceneDelegate.m; sourceTree = "<group>"; };
		299C22C62878833D0022D102 /* Base */ = {isa = PBXFileReference; lastKnownFileType = file.storyboard; name = Base; path = Base.lproj/Main.storyboard; sourceTree = "<group>"; };
		299C22C92878833D0022D102 /* LoopWithMe.xcdatamodel */ = {isa = PBXFileReference; lastKnownFileType = wrapper.xcdatamodel; path = LoopWithMe.xcdatamodel; sourceTree = "<group>"; };
		299C22CB2878833E0022D102 /* Assets.xcassets */ = {isa = PBXFileReference; lastKnownFileType = folder.assetcatalog; path = Assets.xcassets; sourceTree = "<group>"; };
		299C22CE2878833E0022D102 /* Base */ = {isa = PBXFileReference; lastKnownFileType = file.storyboard; name = Base; path = Base.lproj/LaunchScreen.storyboard; sourceTree = "<group>"; };
		299C22D02878833E0022D102 /* Info.plist */ = {isa = PBXFileReference; lastKnownFileType = text.plist.xml; path = Info.plist; sourceTree = "<group>"; };
		299C22D12878833E0022D102 /* main.m */ = {isa = PBXFileReference; lastKnownFileType = sourcecode.c.objc; path = main.m; sourceTree = "<group>"; };
		299C22D72878833E0022D102 /* LoopWithMeTests.xctest */ = {isa = PBXFileReference; explicitFileType = wrapper.cfbundle; includeInIndex = 0; path = LoopWithMeTests.xctest; sourceTree = BUILT_PRODUCTS_DIR; };
		299C22DB2878833E0022D102 /* LoopWithMeTests.m */ = {isa = PBXFileReference; lastKnownFileType = sourcecode.c.objc; path = LoopWithMeTests.m; sourceTree = "<group>"; };
		299C22E12878833E0022D102 /* LoopWithMeUITests.xctest */ = {isa = PBXFileReference; explicitFileType = wrapper.cfbundle; includeInIndex = 0; path = LoopWithMeUITests.xctest; sourceTree = BUILT_PRODUCTS_DIR; };
		299C22E52878833E0022D102 /* LoopWithMeUITests.m */ = {isa = PBXFileReference; lastKnownFileType = sourcecode.c.objc; path = LoopWithMeUITests.m; sourceTree = "<group>"; };
		299C22E72878833E0022D102 /* LoopWithMeUITestsLaunchTests.m */ = {isa = PBXFileReference; lastKnownFileType = sourcecode.c.objc; path = LoopWithMeUITestsLaunchTests.m; sourceTree = "<group>"; };
		299C22F628788CB60022D102 /* Keys.plist */ = {isa = PBXFileReference; lastKnownFileType = text.plist.xml; path = Keys.plist; sourceTree = "<group>"; };
		299C22F8287B40160022D102 /* Loop.h */ = {isa = PBXFileReference; lastKnownFileType = sourcecode.c.h; name = Loop.h; path = LoopWithMe/Models/Loop.h; sourceTree = "<group>"; };
		299C22F9287B40160022D102 /* Loop.m */ = {isa = PBXFileReference; lastKnownFileType = sourcecode.c.objc; name = Loop.m; path = LoopWithMe/Models/Loop.m; sourceTree = "<group>"; };
		299C22FC287B45A80022D102 /* Track.h */ = {isa = PBXFileReference; lastKnownFileType = sourcecode.c.h; name = Track.h; path = LoopWithMe/Models/Track.h; sourceTree = "<group>"; };
		299C22FD287B45A80022D102 /* Track.m */ = {isa = PBXFileReference; lastKnownFileType = sourcecode.c.objc; name = Track.m; path = LoopWithMe/Models/Track.m; sourceTree = "<group>"; };
		299C22FF287B49380022D102 /* TempoAssistSettings.h */ = {isa = PBXFileReference; lastKnownFileType = sourcecode.c.h; name = TempoAssistSettings.h; path = LoopWithMe/Models/TempoAssistSettings.h; sourceTree = "<group>"; };
		299C2300287B49380022D102 /* TempoAssistSettings.m */ = {isa = PBXFileReference; lastKnownFileType = sourcecode.c.objc; name = TempoAssistSettings.m; path = LoopWithMe/Models/TempoAssistSettings.m; sourceTree = "<group>"; };
		299C2302287B4AAA0022D102 /* Track.h */ = {isa = PBXFileReference; lastKnownFileType = sourcecode.c.h; name = Track.h; path = LoopWithMe/Models/Track.h; sourceTree = "<group>"; };
		299C2303287B4AAA0022D102 /* Track.m */ = {isa = PBXFileReference; lastKnownFileType = sourcecode.c.objc; name = Track.m; path = LoopWithMe/Models/Track.m; sourceTree = "<group>"; };
		29A376FD28821CA90075D518 /* TrackFileManager.h */ = {isa = PBXFileReference; lastKnownFileType = sourcecode.c.h; path = TrackFileManager.h; sourceTree = "<group>"; };
		29A376FE28821CA90075D518 /* TrackFileManager.m */ = {isa = PBXFileReference; lastKnownFileType = sourcecode.c.objc; path = TrackFileManager.m; sourceTree = "<group>"; };
		29B7962928887F88001E4ED6 /* HomeVC.h */ = {isa = PBXFileReference; lastKnownFileType = sourcecode.c.h; path = HomeVC.h; sourceTree = "<group>"; };
		29B7962A28887F88001E4ED6 /* HomeVC.m */ = {isa = PBXFileReference; lastKnownFileType = sourcecode.c.objc; path = HomeVC.m; sourceTree = "<group>"; };
		29B7962C28888064001E4ED6 /* FeedCell.h */ = {isa = PBXFileReference; lastKnownFileType = sourcecode.c.h; path = FeedCell.h; sourceTree = "<group>"; };
		29B7962D28888064001E4ED6 /* FeedCell.m */ = {isa = PBXFileReference; lastKnownFileType = sourcecode.c.objc; path = FeedCell.m; sourceTree = "<group>"; };
		29F2C4C6287CA49800861B7B /* ProfileVC.h */ = {isa = PBXFileReference; lastKnownFileType = sourcecode.c.h; path = ProfileVC.h; sourceTree = "<group>"; };
		29F2C4C7287CA49800861B7B /* ProfileVC.m */ = {isa = PBXFileReference; lastKnownFileType = sourcecode.c.objc; path = ProfileVC.m; sourceTree = "<group>"; };
		29F8CE042881E32900E85780 /* PlayStopButton.h */ = {isa = PBXFileReference; lastKnownFileType = sourcecode.c.h; path = PlayStopButton.h; sourceTree = "<group>"; };
		29F8CE052881E32900E85780 /* PlayStopButton.m */ = {isa = PBXFileReference; lastKnownFileType = sourcecode.c.objc; path = PlayStopButton.m; sourceTree = "<group>"; };
		2DE70749BCD390CAE652195C /* Pods-LoopWithMe-LoopWithMeUITests.debug.xcconfig */ = {isa = PBXFileReference; includeInIndex = 1; lastKnownFileType = text.xcconfig; name = "Pods-LoopWithMe-LoopWithMeUITests.debug.xcconfig"; path = "Target Support Files/Pods-LoopWithMe-LoopWithMeUITests/Pods-LoopWithMe-LoopWithMeUITests.debug.xcconfig"; sourceTree = "<group>"; };
		7804621FBB2682853659D880 /* Pods-LoopWithMeTests.release.xcconfig */ = {isa = PBXFileReference; includeInIndex = 1; lastKnownFileType = text.xcconfig; name = "Pods-LoopWithMeTests.release.xcconfig"; path = "Target Support Files/Pods-LoopWithMeTests/Pods-LoopWithMeTests.release.xcconfig"; sourceTree = "<group>"; };
		85A0C5DCC7F707CB42A8BFC0 /* Pods_LoopWithMeTests.framework */ = {isa = PBXFileReference; explicitFileType = wrapper.framework; includeInIndex = 0; path = Pods_LoopWithMeTests.framework; sourceTree = BUILT_PRODUCTS_DIR; };
		A69B53AF350EB51C1D527A71 /* Pods-LoopWithMe.debug.xcconfig */ = {isa = PBXFileReference; includeInIndex = 1; lastKnownFileType = text.xcconfig; name = "Pods-LoopWithMe.debug.xcconfig"; path = "Target Support Files/Pods-LoopWithMe/Pods-LoopWithMe.debug.xcconfig"; sourceTree = "<group>"; };
		B890CB3147751FCB6BB2B3DA /* Pods-LoopWithMe.release.xcconfig */ = {isa = PBXFileReference; includeInIndex = 1; lastKnownFileType = text.xcconfig; name = "Pods-LoopWithMe.release.xcconfig"; path = "Target Support Files/Pods-LoopWithMe/Pods-LoopWithMe.release.xcconfig"; sourceTree = "<group>"; };
		CFD46058C4DCA1E0D596A006 /* Pods-LoopWithMe-LoopWithMeUITests.release.xcconfig */ = {isa = PBXFileReference; includeInIndex = 1; lastKnownFileType = text.xcconfig; name = "Pods-LoopWithMe-LoopWithMeUITests.release.xcconfig"; path = "Target Support Files/Pods-LoopWithMe-LoopWithMeUITests/Pods-LoopWithMe-LoopWithMeUITests.release.xcconfig"; sourceTree = "<group>"; };
		D091F9520F96FEB40B60FF51 /* Pods_LoopWithMe.framework */ = {isa = PBXFileReference; explicitFileType = wrapper.framework; includeInIndex = 0; path = Pods_LoopWithMe.framework; sourceTree = BUILT_PRODUCTS_DIR; };
/* End PBXFileReference section */

/* Begin PBXFrameworksBuildPhase section */
		299C22B62878833D0022D102 /* Frameworks */ = {
			isa = PBXFrameworksBuildPhase;
			buildActionMask = 2147483647;
			files = (
				2FDE26B5A4C00C5AC58F16AE /* Pods_LoopWithMe.framework in Frameworks */,
			);
			runOnlyForDeploymentPostprocessing = 0;
		};
		299C22D42878833E0022D102 /* Frameworks */ = {
			isa = PBXFrameworksBuildPhase;
			buildActionMask = 2147483647;
			files = (
				1F95AB038BD28820930E6E98 /* Pods_LoopWithMeTests.framework in Frameworks */,
			);
			runOnlyForDeploymentPostprocessing = 0;
		};
		299C22DE2878833E0022D102 /* Frameworks */ = {
			isa = PBXFrameworksBuildPhase;
			buildActionMask = 2147483647;
			files = (
				05D110E6F0521463910A88F6 /* Pods_LoopWithMe_LoopWithMeUITests.framework in Frameworks */,
			);
			runOnlyForDeploymentPostprocessing = 0;
		};
/* End PBXFrameworksBuildPhase section */

/* Begin PBXGroup section */
		0892883D4477DB9F362AC3BC /* Pods */ = {
			isa = PBXGroup;
			children = (
				A69B53AF350EB51C1D527A71 /* Pods-LoopWithMe.debug.xcconfig */,
				B890CB3147751FCB6BB2B3DA /* Pods-LoopWithMe.release.xcconfig */,
				2DE70749BCD390CAE652195C /* Pods-LoopWithMe-LoopWithMeUITests.debug.xcconfig */,
				CFD46058C4DCA1E0D596A006 /* Pods-LoopWithMe-LoopWithMeUITests.release.xcconfig */,
				06624472343DC8FC72E1C4EC /* Pods-LoopWithMeTests.debug.xcconfig */,
				7804621FBB2682853659D880 /* Pods-LoopWithMeTests.release.xcconfig */,
			);
			path = Pods;
			sourceTree = "<group>";
		};
		174BBD8477ADE64C333E724C /* Frameworks */ = {
			isa = PBXGroup;
			children = (
				D091F9520F96FEB40B60FF51 /* Pods_LoopWithMe.framework */,
				0E539C0BCF8B8F9469D9F974 /* Pods_LoopWithMe_LoopWithMeUITests.framework */,
				85A0C5DCC7F707CB42A8BFC0 /* Pods_LoopWithMeTests.framework */,
			);
			name = Frameworks;
			sourceTree = "<group>";
		};
		298421F3287F3CDC001CB7D8 /* LoopStack */ = {
			isa = PBXGroup;
			children = (
				29958C7A287BA2120004D8D1 /* LoopStackVC.h */,
				29958C7B287BA2120004D8D1 /* LoopStackVC.m */,
				298421F4287F3D1C001CB7D8 /* LoopTrackCell.h */,
				298421F5287F3D1C001CB7D8 /* LoopTrackCell.m */,
				29A376FD28821CA90075D518 /* TrackFileManager.h */,
				29A376FE28821CA90075D518 /* TrackFileManager.m */,
			);
			path = LoopStack;
			sourceTree = "<group>";
		};
		29958C70287B6B490004D8D1 /* ViewControllers */ = {
			isa = PBXGroup;
			children = (
				29B7962828887F47001E4ED6 /* Home */,
				298421F3287F3CDC001CB7D8 /* LoopStack */,
				29D7EA2B2885F3C200D9B42A /* Authentication */,
				29FEFDE1288624D0009A693B /* Share */,
				29FEFDE2288624ED009A693B /* Recording */,
				29FEFDE3288624FE009A693B /* Profile */,
				29FEFDE42886251D009A693B /* NewLoop */,
			);
			path = ViewControllers;
			sourceTree = "<group>";
		};
		299C22B02878833D0022D102 = {
			isa = PBXGroup;
			children = (
				299C22F628788CB60022D102 /* Keys.plist */,
				299C22BB2878833D0022D102 /* LoopWithMe */,
				299C22DA2878833E0022D102 /* LoopWithMeTests */,
				299C22E42878833E0022D102 /* LoopWithMeUITests */,
				299C22BA2878833D0022D102 /* Products */,
				0892883D4477DB9F362AC3BC /* Pods */,
				174BBD8477ADE64C333E724C /* Frameworks */,
			);
			sourceTree = "<group>";
		};
		299C22BA2878833D0022D102 /* Products */ = {
			isa = PBXGroup;
			children = (
				299C22B92878833D0022D102 /* LoopWithMe.app */,
				299C22D72878833E0022D102 /* LoopWithMeTests.xctest */,
				299C22E12878833E0022D102 /* LoopWithMeUITests.xctest */,
			);
			name = Products;
			sourceTree = "<group>";
		};
		299C22BB2878833D0022D102 /* LoopWithMe */ = {
			isa = PBXGroup;
			children = (
				29958C70287B6B490004D8D1 /* ViewControllers */,
				299C22FB287B451A0022D102 /* Models */,
				299C22BC2878833D0022D102 /* AppDelegate.h */,
				299C22BD2878833D0022D102 /* AppDelegate.m */,
				299C22BF2878833D0022D102 /* SceneDelegate.h */,
				299C22C02878833D0022D102 /* SceneDelegate.m */,
				299C22C52878833D0022D102 /* Main.storyboard */,
				29F8CE042881E32900E85780 /* PlayStopButton.h */,
				29F8CE052881E32900E85780 /* PlayStopButton.m */,
				299C22CB2878833E0022D102 /* Assets.xcassets */,
				299C22CD2878833E0022D102 /* LaunchScreen.storyboard */,
				299C22D02878833E0022D102 /* Info.plist */,
				299C22D12878833E0022D102 /* main.m */,
				299C22C82878833D0022D102 /* LoopWithMe.xcdatamodeld */,
			);
			path = LoopWithMe;
			sourceTree = "<group>";
		};
		299C22DA2878833E0022D102 /* LoopWithMeTests */ = {
			isa = PBXGroup;
			children = (
				299C22DB2878833E0022D102 /* LoopWithMeTests.m */,
			);
			path = LoopWithMeTests;
			sourceTree = "<group>";
		};
		299C22E42878833E0022D102 /* LoopWithMeUITests */ = {
			isa = PBXGroup;
			children = (
				299C22E52878833E0022D102 /* LoopWithMeUITests.m */,
				299C22E72878833E0022D102 /* LoopWithMeUITestsLaunchTests.m */,
			);
			path = LoopWithMeUITests;
			sourceTree = "<group>";
		};
		299C22FB287B451A0022D102 /* Models */ = {
			isa = PBXGroup;
			children = (
				299C22F8287B40160022D102 /* Loop.h */,
				299C22F9287B40160022D102 /* Loop.m */,
				299C22FC287B45A80022D102 /* Track.h */,
				299C22FD287B45A80022D102 /* Track.m */,
				299C22FF287B49380022D102 /* TempoAssistSettings.h */,
				299C2300287B49380022D102 /* TempoAssistSettings.m */,
				299C2302287B4AAA0022D102 /* Track.h */,
				299C2303287B4AAA0022D102 /* Track.m */,
			);
			name = Models;
			path = ..;
			sourceTree = "<group>";
		};
		29B7962828887F47001E4ED6 /* Home */ = {
			isa = PBXGroup;
			children = (
				29B7962928887F88001E4ED6 /* HomeVC.h */,
				29B7962A28887F88001E4ED6 /* HomeVC.m */,
				29B7962C28888064001E4ED6 /* FeedCell.h */,
				29B7962D28888064001E4ED6 /* FeedCell.m */,
			);
			path = Home;
			sourceTree = "<group>";
		};
		29D7EA2B2885F3C200D9B42A /* Authentication */ = {
			isa = PBXGroup;
			children = (
				29958C71287B6B8C0004D8D1 /* LoginVC.h */,
				29958C72287B6B8C0004D8D1 /* LoginVC.m */,
				29958C74287B6BCC0004D8D1 /* SignUpVC.h */,
				29958C75287B6BCC0004D8D1 /* SignUpVC.m */,
			);
			path = Authentication;
			sourceTree = "<group>";
		};
		29FEFDE1288624D0009A693B /* Share */ = {
			isa = PBXGroup;
			children = (
				29958C7D287BA25C0004D8D1 /* ShareVC.h */,
				29958C7E287BA25C0004D8D1 /* ShareVC.m */,
			);
			path = Share;
			sourceTree = "<group>";
		};
		29FEFDE2288624ED009A693B /* Recording */ = {
			isa = PBXGroup;
			children = (
				29958C77287BA1EF0004D8D1 /* RecordingVC.h */,
				29958C78287BA1EF0004D8D1 /* RecordingVC.m */,
			);
			path = Recording;
			sourceTree = "<group>";
		};
		29FEFDE3288624FE009A693B /* Profile */ = {
			isa = PBXGroup;
			children = (
				29F2C4C6287CA49800861B7B /* ProfileVC.h */,
				29F2C4C7287CA49800861B7B /* ProfileVC.m */,
			);
			path = Profile;
			sourceTree = "<group>";
		};
		29FEFDE42886251D009A693B /* NewLoop */ = {
			isa = PBXGroup;
			children = (
				298421F7287F4465001CB7D8 /* NewLoopVC.h */,
				298421F8287F4465001CB7D8 /* NewLoopVC.m */,
			);
			path = NewLoop;
			sourceTree = "<group>";
		};
/* End PBXGroup section */

/* Begin PBXNativeTarget section */
		299C22B82878833D0022D102 /* LoopWithMe */ = {
			isa = PBXNativeTarget;
			buildConfigurationList = 299C22EB2878833E0022D102 /* Build configuration list for PBXNativeTarget "LoopWithMe" */;
			buildPhases = (
				0859A6F8947DBD19CE2E89E3 /* [CP] Check Pods Manifest.lock */,
				299C22B52878833D0022D102 /* Sources */,
				299C22B62878833D0022D102 /* Frameworks */,
				299C22B72878833D0022D102 /* Resources */,
				99116F673591ACFC06081D95 /* [CP] Embed Pods Frameworks */,
			);
			buildRules = (
			);
			dependencies = (
			);
			name = LoopWithMe;
			productName = LoopWithMe;
			productReference = 299C22B92878833D0022D102 /* LoopWithMe.app */;
			productType = "com.apple.product-type.application";
		};
		299C22D62878833E0022D102 /* LoopWithMeTests */ = {
			isa = PBXNativeTarget;
			buildConfigurationList = 299C22EE2878833E0022D102 /* Build configuration list for PBXNativeTarget "LoopWithMeTests" */;
			buildPhases = (
				DD205C354D536EDE9F1642BA /* [CP] Check Pods Manifest.lock */,
				299C22D32878833E0022D102 /* Sources */,
				299C22D42878833E0022D102 /* Frameworks */,
				299C22D52878833E0022D102 /* Resources */,
			);
			buildRules = (
			);
			dependencies = (
				299C22D92878833E0022D102 /* PBXTargetDependency */,
			);
			name = LoopWithMeTests;
			productName = LoopWithMeTests;
			productReference = 299C22D72878833E0022D102 /* LoopWithMeTests.xctest */;
			productType = "com.apple.product-type.bundle.unit-test";
		};
		299C22E02878833E0022D102 /* LoopWithMeUITests */ = {
			isa = PBXNativeTarget;
			buildConfigurationList = 299C22F12878833E0022D102 /* Build configuration list for PBXNativeTarget "LoopWithMeUITests" */;
			buildPhases = (
				10312B646BF7072EB1BA0967 /* [CP] Check Pods Manifest.lock */,
				299C22DD2878833E0022D102 /* Sources */,
				299C22DE2878833E0022D102 /* Frameworks */,
				299C22DF2878833E0022D102 /* Resources */,
				DBC919E3185106C289951947 /* [CP] Embed Pods Frameworks */,
			);
			buildRules = (
			);
			dependencies = (
				299C22E32878833E0022D102 /* PBXTargetDependency */,
			);
			name = LoopWithMeUITests;
			productName = LoopWithMeUITests;
			productReference = 299C22E12878833E0022D102 /* LoopWithMeUITests.xctest */;
			productType = "com.apple.product-type.bundle.ui-testing";
		};
/* End PBXNativeTarget section */

/* Begin PBXProject section */
		299C22B12878833D0022D102 /* Project object */ = {
			isa = PBXProject;
			attributes = {
				BuildIndependentTargetsInParallel = 1;
				LastUpgradeCheck = 1340;
				TargetAttributes = {
					299C22B82878833D0022D102 = {
						CreatedOnToolsVersion = 13.4;
					};
					299C22D62878833E0022D102 = {
						CreatedOnToolsVersion = 13.4;
						TestTargetID = 299C22B82878833D0022D102;
					};
					299C22E02878833E0022D102 = {
						CreatedOnToolsVersion = 13.4;
						TestTargetID = 299C22B82878833D0022D102;
					};
				};
			};
			buildConfigurationList = 299C22B42878833D0022D102 /* Build configuration list for PBXProject "LoopWithMe" */;
			compatibilityVersion = "Xcode 13.0";
			developmentRegion = en;
			hasScannedForEncodings = 0;
			knownRegions = (
				en,
				Base,
			);
			mainGroup = 299C22B02878833D0022D102;
			productRefGroup = 299C22BA2878833D0022D102 /* Products */;
			projectDirPath = "";
			projectRoot = "";
			targets = (
				299C22B82878833D0022D102 /* LoopWithMe */,
				299C22D62878833E0022D102 /* LoopWithMeTests */,
				299C22E02878833E0022D102 /* LoopWithMeUITests */,
			);
		};
/* End PBXProject section */

/* Begin PBXResourcesBuildPhase section */
		299C22B72878833D0022D102 /* Resources */ = {
			isa = PBXResourcesBuildPhase;
			buildActionMask = 2147483647;
			files = (
				299C22F728788CB60022D102 /* Keys.plist in Resources */,
				299C22CF2878833E0022D102 /* LaunchScreen.storyboard in Resources */,
				299C22CC2878833E0022D102 /* Assets.xcassets in Resources */,
				299C22C72878833D0022D102 /* Main.storyboard in Resources */,
			);
			runOnlyForDeploymentPostprocessing = 0;
		};
		299C22D52878833E0022D102 /* Resources */ = {
			isa = PBXResourcesBuildPhase;
			buildActionMask = 2147483647;
			files = (
			);
			runOnlyForDeploymentPostprocessing = 0;
		};
		299C22DF2878833E0022D102 /* Resources */ = {
			isa = PBXResourcesBuildPhase;
			buildActionMask = 2147483647;
			files = (
			);
			runOnlyForDeploymentPostprocessing = 0;
		};
/* End PBXResourcesBuildPhase section */

/* Begin PBXShellScriptBuildPhase section */
		0859A6F8947DBD19CE2E89E3 /* [CP] Check Pods Manifest.lock */ = {
			isa = PBXShellScriptBuildPhase;
			buildActionMask = 2147483647;
			files = (
			);
			inputFileListPaths = (
			);
			inputPaths = (
				"${PODS_PODFILE_DIR_PATH}/Podfile.lock",
				"${PODS_ROOT}/Manifest.lock",
			);
			name = "[CP] Check Pods Manifest.lock";
			outputFileListPaths = (
			);
			outputPaths = (
				"$(DERIVED_FILE_DIR)/Pods-LoopWithMe-checkManifestLockResult.txt",
			);
			runOnlyForDeploymentPostprocessing = 0;
			shellPath = /bin/sh;
			shellScript = "diff \"${PODS_PODFILE_DIR_PATH}/Podfile.lock\" \"${PODS_ROOT}/Manifest.lock\" > /dev/null\nif [ $? != 0 ] ; then\n    # print error to STDERR\n    echo \"error: The sandbox is not in sync with the Podfile.lock. Run 'pod install' or update your CocoaPods installation.\" >&2\n    exit 1\nfi\n# This output is used by Xcode 'outputs' to avoid re-running this script phase.\necho \"SUCCESS\" > \"${SCRIPT_OUTPUT_FILE_0}\"\n";
			showEnvVarsInLog = 0;
		};
		10312B646BF7072EB1BA0967 /* [CP] Check Pods Manifest.lock */ = {
			isa = PBXShellScriptBuildPhase;
			buildActionMask = 2147483647;
			files = (
			);
			inputFileListPaths = (
			);
			inputPaths = (
				"${PODS_PODFILE_DIR_PATH}/Podfile.lock",
				"${PODS_ROOT}/Manifest.lock",
			);
			name = "[CP] Check Pods Manifest.lock";
			outputFileListPaths = (
			);
			outputPaths = (
				"$(DERIVED_FILE_DIR)/Pods-LoopWithMe-LoopWithMeUITests-checkManifestLockResult.txt",
			);
			runOnlyForDeploymentPostprocessing = 0;
			shellPath = /bin/sh;
			shellScript = "diff \"${PODS_PODFILE_DIR_PATH}/Podfile.lock\" \"${PODS_ROOT}/Manifest.lock\" > /dev/null\nif [ $? != 0 ] ; then\n    # print error to STDERR\n    echo \"error: The sandbox is not in sync with the Podfile.lock. Run 'pod install' or update your CocoaPods installation.\" >&2\n    exit 1\nfi\n# This output is used by Xcode 'outputs' to avoid re-running this script phase.\necho \"SUCCESS\" > \"${SCRIPT_OUTPUT_FILE_0}\"\n";
			showEnvVarsInLog = 0;
		};
		99116F673591ACFC06081D95 /* [CP] Embed Pods Frameworks */ = {
			isa = PBXShellScriptBuildPhase;
			buildActionMask = 2147483647;
			files = (
			);
			inputFileListPaths = (
				"${PODS_ROOT}/Target Support Files/Pods-LoopWithMe/Pods-LoopWithMe-frameworks-${CONFIGURATION}-input-files.xcfilelist",
			);
			name = "[CP] Embed Pods Frameworks";
			outputFileListPaths = (
				"${PODS_ROOT}/Target Support Files/Pods-LoopWithMe/Pods-LoopWithMe-frameworks-${CONFIGURATION}-output-files.xcfilelist",
			);
			runOnlyForDeploymentPostprocessing = 0;
			shellPath = /bin/sh;
			shellScript = "\"${PODS_ROOT}/Target Support Files/Pods-LoopWithMe/Pods-LoopWithMe-frameworks.sh\"\n";
			showEnvVarsInLog = 0;
		};
		DBC919E3185106C289951947 /* [CP] Embed Pods Frameworks */ = {
			isa = PBXShellScriptBuildPhase;
			buildActionMask = 2147483647;
			files = (
			);
			inputFileListPaths = (
				"${PODS_ROOT}/Target Support Files/Pods-LoopWithMe-LoopWithMeUITests/Pods-LoopWithMe-LoopWithMeUITests-frameworks-${CONFIGURATION}-input-files.xcfilelist",
			);
			name = "[CP] Embed Pods Frameworks";
			outputFileListPaths = (
				"${PODS_ROOT}/Target Support Files/Pods-LoopWithMe-LoopWithMeUITests/Pods-LoopWithMe-LoopWithMeUITests-frameworks-${CONFIGURATION}-output-files.xcfilelist",
			);
			runOnlyForDeploymentPostprocessing = 0;
			shellPath = /bin/sh;
			shellScript = "\"${PODS_ROOT}/Target Support Files/Pods-LoopWithMe-LoopWithMeUITests/Pods-LoopWithMe-LoopWithMeUITests-frameworks.sh\"\n";
			showEnvVarsInLog = 0;
		};
		DD205C354D536EDE9F1642BA /* [CP] Check Pods Manifest.lock */ = {
			isa = PBXShellScriptBuildPhase;
			buildActionMask = 2147483647;
			files = (
			);
			inputFileListPaths = (
			);
			inputPaths = (
				"${PODS_PODFILE_DIR_PATH}/Podfile.lock",
				"${PODS_ROOT}/Manifest.lock",
			);
			name = "[CP] Check Pods Manifest.lock";
			outputFileListPaths = (
			);
			outputPaths = (
				"$(DERIVED_FILE_DIR)/Pods-LoopWithMeTests-checkManifestLockResult.txt",
			);
			runOnlyForDeploymentPostprocessing = 0;
			shellPath = /bin/sh;
			shellScript = "diff \"${PODS_PODFILE_DIR_PATH}/Podfile.lock\" \"${PODS_ROOT}/Manifest.lock\" > /dev/null\nif [ $? != 0 ] ; then\n    # print error to STDERR\n    echo \"error: The sandbox is not in sync with the Podfile.lock. Run 'pod install' or update your CocoaPods installation.\" >&2\n    exit 1\nfi\n# This output is used by Xcode 'outputs' to avoid re-running this script phase.\necho \"SUCCESS\" > \"${SCRIPT_OUTPUT_FILE_0}\"\n";
			showEnvVarsInLog = 0;
		};
/* End PBXShellScriptBuildPhase section */

/* Begin PBXSourcesBuildPhase section */
		299C22B52878833D0022D102 /* Sources */ = {
			isa = PBXSourcesBuildPhase;
			buildActionMask = 2147483647;
			files = (
				29F2C4C8287CA49800861B7B /* ProfileVC.m in Sources */,
				29B7962E28888064001E4ED6 /* FeedCell.m in Sources */,
				29B7962B28887F88001E4ED6 /* HomeVC.m in Sources */,
				299C22FE287B45A80022D102 /* Track.m in Sources */,
				298421F6287F3D1C001CB7D8 /* LoopTrackCell.m in Sources */,
				298421F9287F4465001CB7D8 /* NewLoopVC.m in Sources */,
				29958C7C287BA2120004D8D1 /* LoopStackVC.m in Sources */,
				299C22D22878833E0022D102 /* main.m in Sources */,
				29F8CE062881E32900E85780 /* PlayStopButton.m in Sources */,
				29958C7F287BA25C0004D8D1 /* ShareVC.m in Sources */,
				29958C76287B6BCC0004D8D1 /* SignUpVC.m in Sources */,
				29958C73287B6B8C0004D8D1 /* LoginVC.m in Sources */,
				299C22BE2878833D0022D102 /* AppDelegate.m in Sources */,
				299C22FA287B40160022D102 /* Loop.m in Sources */,
				299C2301287B49380022D102 /* TempoAssistSettings.m in Sources */,
				299C2304287B4AAA0022D102 /* Track.m in Sources */,
				29A376FF28821CA90075D518 /* TrackFileManager.m in Sources */,
				299C22C12878833D0022D102 /* SceneDelegate.m in Sources */,
				299C22CA2878833D0022D102 /* LoopWithMe.xcdatamodeld in Sources */,
				29958C79287BA1EF0004D8D1 /* RecordingVC.m in Sources */,
			);
			runOnlyForDeploymentPostprocessing = 0;
		};
		299C22D32878833E0022D102 /* Sources */ = {
			isa = PBXSourcesBuildPhase;
			buildActionMask = 2147483647;
			files = (
				299C22DC2878833E0022D102 /* LoopWithMeTests.m in Sources */,
			);
			runOnlyForDeploymentPostprocessing = 0;
		};
		299C22DD2878833E0022D102 /* Sources */ = {
			isa = PBXSourcesBuildPhase;
			buildActionMask = 2147483647;
			files = (
				299C22E82878833E0022D102 /* LoopWithMeUITestsLaunchTests.m in Sources */,
				299C22E62878833E0022D102 /* LoopWithMeUITests.m in Sources */,
			);
			runOnlyForDeploymentPostprocessing = 0;
		};
/* End PBXSourcesBuildPhase section */

/* Begin PBXTargetDependency section */
		299C22D92878833E0022D102 /* PBXTargetDependency */ = {
			isa = PBXTargetDependency;
			target = 299C22B82878833D0022D102 /* LoopWithMe */;
			targetProxy = 299C22D82878833E0022D102 /* PBXContainerItemProxy */;
		};
		299C22E32878833E0022D102 /* PBXTargetDependency */ = {
			isa = PBXTargetDependency;
			target = 299C22B82878833D0022D102 /* LoopWithMe */;
			targetProxy = 299C22E22878833E0022D102 /* PBXContainerItemProxy */;
		};
/* End PBXTargetDependency section */

/* Begin PBXVariantGroup section */
		299C22C52878833D0022D102 /* Main.storyboard */ = {
			isa = PBXVariantGroup;
			children = (
				299C22C62878833D0022D102 /* Base */,
			);
			name = Main.storyboard;
			sourceTree = "<group>";
		};
		299C22CD2878833E0022D102 /* LaunchScreen.storyboard */ = {
			isa = PBXVariantGroup;
			children = (
				299C22CE2878833E0022D102 /* Base */,
			);
			name = LaunchScreen.storyboard;
			sourceTree = "<group>";
		};
/* End PBXVariantGroup section */

/* Begin XCBuildConfiguration section */
		299C22E92878833E0022D102 /* Debug */ = {
			isa = XCBuildConfiguration;
			buildSettings = {
				ALWAYS_SEARCH_USER_PATHS = NO;
				CLANG_ANALYZER_NONNULL = YES;
				CLANG_ANALYZER_NUMBER_OBJECT_CONVERSION = YES_AGGRESSIVE;
				CLANG_CXX_LANGUAGE_STANDARD = "gnu++17";
				CLANG_ENABLE_MODULES = YES;
				CLANG_ENABLE_OBJC_ARC = YES;
				CLANG_ENABLE_OBJC_WEAK = YES;
				CLANG_WARN_BLOCK_CAPTURE_AUTORELEASING = YES;
				CLANG_WARN_BOOL_CONVERSION = YES;
				CLANG_WARN_COMMA = YES;
				CLANG_WARN_CONSTANT_CONVERSION = YES;
				CLANG_WARN_DEPRECATED_OBJC_IMPLEMENTATIONS = YES;
				CLANG_WARN_DIRECT_OBJC_ISA_USAGE = YES_ERROR;
				CLANG_WARN_DOCUMENTATION_COMMENTS = YES;
				CLANG_WARN_EMPTY_BODY = YES;
				CLANG_WARN_ENUM_CONVERSION = YES;
				CLANG_WARN_INFINITE_RECURSION = YES;
				CLANG_WARN_INT_CONVERSION = YES;
				CLANG_WARN_NON_LITERAL_NULL_CONVERSION = YES;
				CLANG_WARN_OBJC_IMPLICIT_RETAIN_SELF = YES;
				CLANG_WARN_OBJC_LITERAL_CONVERSION = YES;
				CLANG_WARN_OBJC_ROOT_CLASS = YES_ERROR;
				CLANG_WARN_QUOTED_INCLUDE_IN_FRAMEWORK_HEADER = YES;
				CLANG_WARN_RANGE_LOOP_ANALYSIS = YES;
				CLANG_WARN_STRICT_PROTOTYPES = YES;
				CLANG_WARN_SUSPICIOUS_MOVE = YES;
				CLANG_WARN_UNGUARDED_AVAILABILITY = YES_AGGRESSIVE;
				CLANG_WARN_UNREACHABLE_CODE = YES;
				CLANG_WARN__DUPLICATE_METHOD_MATCH = YES;
				COPY_PHASE_STRIP = NO;
				DEBUG_INFORMATION_FORMAT = dwarf;
				ENABLE_STRICT_OBJC_MSGSEND = YES;
				ENABLE_TESTABILITY = YES;
				GCC_C_LANGUAGE_STANDARD = gnu11;
				GCC_DYNAMIC_NO_PIC = NO;
				GCC_NO_COMMON_BLOCKS = YES;
				GCC_OPTIMIZATION_LEVEL = 0;
				GCC_PREPROCESSOR_DEFINITIONS = (
					"DEBUG=1",
					"$(inherited)",
				);
				GCC_WARN_64_TO_32_BIT_CONVERSION = YES;
				GCC_WARN_ABOUT_RETURN_TYPE = YES_ERROR;
				GCC_WARN_UNDECLARED_SELECTOR = YES;
				GCC_WARN_UNINITIALIZED_AUTOS = YES_AGGRESSIVE;
				GCC_WARN_UNUSED_FUNCTION = YES;
				GCC_WARN_UNUSED_VARIABLE = YES;
				IPHONEOS_DEPLOYMENT_TARGET = 15.5;
				MTL_ENABLE_DEBUG_INFO = INCLUDE_SOURCE;
				MTL_FAST_MATH = YES;
				ONLY_ACTIVE_ARCH = YES;
				SDKROOT = iphoneos;
			};
			name = Debug;
		};
		299C22EA2878833E0022D102 /* Release */ = {
			isa = XCBuildConfiguration;
			buildSettings = {
				ALWAYS_SEARCH_USER_PATHS = NO;
				CLANG_ANALYZER_NONNULL = YES;
				CLANG_ANALYZER_NUMBER_OBJECT_CONVERSION = YES_AGGRESSIVE;
				CLANG_CXX_LANGUAGE_STANDARD = "gnu++17";
				CLANG_ENABLE_MODULES = YES;
				CLANG_ENABLE_OBJC_ARC = YES;
				CLANG_ENABLE_OBJC_WEAK = YES;
				CLANG_WARN_BLOCK_CAPTURE_AUTORELEASING = YES;
				CLANG_WARN_BOOL_CONVERSION = YES;
				CLANG_WARN_COMMA = YES;
				CLANG_WARN_CONSTANT_CONVERSION = YES;
				CLANG_WARN_DEPRECATED_OBJC_IMPLEMENTATIONS = YES;
				CLANG_WARN_DIRECT_OBJC_ISA_USAGE = YES_ERROR;
				CLANG_WARN_DOCUMENTATION_COMMENTS = YES;
				CLANG_WARN_EMPTY_BODY = YES;
				CLANG_WARN_ENUM_CONVERSION = YES;
				CLANG_WARN_INFINITE_RECURSION = YES;
				CLANG_WARN_INT_CONVERSION = YES;
				CLANG_WARN_NON_LITERAL_NULL_CONVERSION = YES;
				CLANG_WARN_OBJC_IMPLICIT_RETAIN_SELF = YES;
				CLANG_WARN_OBJC_LITERAL_CONVERSION = YES;
				CLANG_WARN_OBJC_ROOT_CLASS = YES_ERROR;
				CLANG_WARN_QUOTED_INCLUDE_IN_FRAMEWORK_HEADER = YES;
				CLANG_WARN_RANGE_LOOP_ANALYSIS = YES;
				CLANG_WARN_STRICT_PROTOTYPES = YES;
				CLANG_WARN_SUSPICIOUS_MOVE = YES;
				CLANG_WARN_UNGUARDED_AVAILABILITY = YES_AGGRESSIVE;
				CLANG_WARN_UNREACHABLE_CODE = YES;
				CLANG_WARN__DUPLICATE_METHOD_MATCH = YES;
				COPY_PHASE_STRIP = NO;
				DEBUG_INFORMATION_FORMAT = "dwarf-with-dsym";
				ENABLE_NS_ASSERTIONS = NO;
				ENABLE_STRICT_OBJC_MSGSEND = YES;
				GCC_C_LANGUAGE_STANDARD = gnu11;
				GCC_NO_COMMON_BLOCKS = YES;
				GCC_WARN_64_TO_32_BIT_CONVERSION = YES;
				GCC_WARN_ABOUT_RETURN_TYPE = YES_ERROR;
				GCC_WARN_UNDECLARED_SELECTOR = YES;
				GCC_WARN_UNINITIALIZED_AUTOS = YES_AGGRESSIVE;
				GCC_WARN_UNUSED_FUNCTION = YES;
				GCC_WARN_UNUSED_VARIABLE = YES;
				IPHONEOS_DEPLOYMENT_TARGET = 15.5;
				MTL_ENABLE_DEBUG_INFO = NO;
				MTL_FAST_MATH = YES;
				SDKROOT = iphoneos;
				VALIDATE_PRODUCT = YES;
			};
			name = Release;
		};
		299C22EC2878833E0022D102 /* Debug */ = {
			isa = XCBuildConfiguration;
			baseConfigurationReference = A69B53AF350EB51C1D527A71 /* Pods-LoopWithMe.debug.xcconfig */;
			buildSettings = {
				ASSETCATALOG_COMPILER_APPICON_NAME = AppIcon;
				ASSETCATALOG_COMPILER_GLOBAL_ACCENT_COLOR_NAME = AccentColor;
				CODE_SIGN_STYLE = Automatic;
				CURRENT_PROJECT_VERSION = 1;
				DEVELOPMENT_TEAM = 3XRLMZ2LJQ;
				GENERATE_INFOPLIST_FILE = YES;
				INFOPLIST_FILE = LoopWithMe/Info.plist;
				INFOPLIST_KEY_UIApplicationSupportsIndirectInputEvents = YES;
				INFOPLIST_KEY_UILaunchStoryboardName = LaunchScreen;
				INFOPLIST_KEY_UIMainStoryboardFile = Main;
				INFOPLIST_KEY_UISupportedInterfaceOrientations_iPad = "UIInterfaceOrientationPortrait UIInterfaceOrientationPortraitUpsideDown UIInterfaceOrientationLandscapeLeft UIInterfaceOrientationLandscapeRight";
				INFOPLIST_KEY_UISupportedInterfaceOrientations_iPhone = "UIInterfaceOrientationPortrait UIInterfaceOrientationLandscapeLeft UIInterfaceOrientationLandscapeRight";
				LD_RUNPATH_SEARCH_PATHS = (
					"$(inherited)",
					"@executable_path/Frameworks",
				);
				MARKETING_VERSION = 1.0;
				PRODUCT_BUNDLE_IDENTIFIER = com.danielfloresg.LoopWithMe;
				PRODUCT_NAME = "$(TARGET_NAME)";
				SWIFT_EMIT_LOC_STRINGS = YES;
				TARGETED_DEVICE_FAMILY = "1,2";
			};
			name = Debug;
		};
		299C22ED2878833E0022D102 /* Release */ = {
			isa = XCBuildConfiguration;
			baseConfigurationReference = B890CB3147751FCB6BB2B3DA /* Pods-LoopWithMe.release.xcconfig */;
			buildSettings = {
				ASSETCATALOG_COMPILER_APPICON_NAME = AppIcon;
				ASSETCATALOG_COMPILER_GLOBAL_ACCENT_COLOR_NAME = AccentColor;
				CODE_SIGN_STYLE = Automatic;
				CURRENT_PROJECT_VERSION = 1;
				DEVELOPMENT_TEAM = 3XRLMZ2LJQ;
				GENERATE_INFOPLIST_FILE = YES;
				INFOPLIST_FILE = LoopWithMe/Info.plist;
				INFOPLIST_KEY_UIApplicationSupportsIndirectInputEvents = YES;
				INFOPLIST_KEY_UILaunchStoryboardName = LaunchScreen;
				INFOPLIST_KEY_UIMainStoryboardFile = Main;
				INFOPLIST_KEY_UISupportedInterfaceOrientations_iPad = "UIInterfaceOrientationPortrait UIInterfaceOrientationPortraitUpsideDown UIInterfaceOrientationLandscapeLeft UIInterfaceOrientationLandscapeRight";
				INFOPLIST_KEY_UISupportedInterfaceOrientations_iPhone = "UIInterfaceOrientationPortrait UIInterfaceOrientationLandscapeLeft UIInterfaceOrientationLandscapeRight";
				LD_RUNPATH_SEARCH_PATHS = (
					"$(inherited)",
					"@executable_path/Frameworks",
				);
				MARKETING_VERSION = 1.0;
				PRODUCT_BUNDLE_IDENTIFIER = com.danielfloresg.LoopWithMe;
				PRODUCT_NAME = "$(TARGET_NAME)";
				SWIFT_EMIT_LOC_STRINGS = YES;
				TARGETED_DEVICE_FAMILY = "1,2";
			};
			name = Release;
		};
		299C22EF2878833E0022D102 /* Debug */ = {
			isa = XCBuildConfiguration;
			baseConfigurationReference = 06624472343DC8FC72E1C4EC /* Pods-LoopWithMeTests.debug.xcconfig */;
			buildSettings = {
				BUNDLE_LOADER = "$(TEST_HOST)";
				CODE_SIGN_STYLE = Automatic;
				CURRENT_PROJECT_VERSION = 1;
				GENERATE_INFOPLIST_FILE = YES;
				IPHONEOS_DEPLOYMENT_TARGET = 15.5;
				MARKETING_VERSION = 1.0;
				PRODUCT_BUNDLE_IDENTIFIER = com.danielfloresg.LoopWithMeTests;
				PRODUCT_NAME = "$(TARGET_NAME)";
				SWIFT_EMIT_LOC_STRINGS = NO;
				TARGETED_DEVICE_FAMILY = "1,2";
				TEST_HOST = "$(BUILT_PRODUCTS_DIR)/LoopWithMe.app/LoopWithMe";
			};
			name = Debug;
		};
		299C22F02878833E0022D102 /* Release */ = {
			isa = XCBuildConfiguration;
			baseConfigurationReference = 7804621FBB2682853659D880 /* Pods-LoopWithMeTests.release.xcconfig */;
			buildSettings = {
				BUNDLE_LOADER = "$(TEST_HOST)";
				CODE_SIGN_STYLE = Automatic;
				CURRENT_PROJECT_VERSION = 1;
				GENERATE_INFOPLIST_FILE = YES;
				IPHONEOS_DEPLOYMENT_TARGET = 15.5;
				MARKETING_VERSION = 1.0;
				PRODUCT_BUNDLE_IDENTIFIER = com.danielfloresg.LoopWithMeTests;
				PRODUCT_NAME = "$(TARGET_NAME)";
				SWIFT_EMIT_LOC_STRINGS = NO;
				TARGETED_DEVICE_FAMILY = "1,2";
				TEST_HOST = "$(BUILT_PRODUCTS_DIR)/LoopWithMe.app/LoopWithMe";
			};
			name = Release;
		};
		299C22F22878833E0022D102 /* Debug */ = {
			isa = XCBuildConfiguration;
			baseConfigurationReference = 2DE70749BCD390CAE652195C /* Pods-LoopWithMe-LoopWithMeUITests.debug.xcconfig */;
			buildSettings = {
				CODE_SIGN_STYLE = Automatic;
				CURRENT_PROJECT_VERSION = 1;
				GENERATE_INFOPLIST_FILE = YES;
				MARKETING_VERSION = 1.0;
				PRODUCT_BUNDLE_IDENTIFIER = com.danielfloresg.LoopWithMeUITests;
				PRODUCT_NAME = "$(TARGET_NAME)";
				SWIFT_EMIT_LOC_STRINGS = NO;
				TARGETED_DEVICE_FAMILY = "1,2";
				TEST_TARGET_NAME = LoopWithMe;
			};
			name = Debug;
		};
		299C22F32878833E0022D102 /* Release */ = {
			isa = XCBuildConfiguration;
			baseConfigurationReference = CFD46058C4DCA1E0D596A006 /* Pods-LoopWithMe-LoopWithMeUITests.release.xcconfig */;
			buildSettings = {
				CODE_SIGN_STYLE = Automatic;
				CURRENT_PROJECT_VERSION = 1;
				GENERATE_INFOPLIST_FILE = YES;
				MARKETING_VERSION = 1.0;
				PRODUCT_BUNDLE_IDENTIFIER = com.danielfloresg.LoopWithMeUITests;
				PRODUCT_NAME = "$(TARGET_NAME)";
				SWIFT_EMIT_LOC_STRINGS = NO;
				TARGETED_DEVICE_FAMILY = "1,2";
				TEST_TARGET_NAME = LoopWithMe;
			};
			name = Release;
		};
/* End XCBuildConfiguration section */

/* Begin XCConfigurationList section */
		299C22B42878833D0022D102 /* Build configuration list for PBXProject "LoopWithMe" */ = {
			isa = XCConfigurationList;
			buildConfigurations = (
				299C22E92878833E0022D102 /* Debug */,
				299C22EA2878833E0022D102 /* Release */,
			);
			defaultConfigurationIsVisible = 0;
			defaultConfigurationName = Release;
		};
		299C22EB2878833E0022D102 /* Build configuration list for PBXNativeTarget "LoopWithMe" */ = {
			isa = XCConfigurationList;
			buildConfigurations = (
				299C22EC2878833E0022D102 /* Debug */,
				299C22ED2878833E0022D102 /* Release */,
			);
			defaultConfigurationIsVisible = 0;
			defaultConfigurationName = Release;
		};
		299C22EE2878833E0022D102 /* Build configuration list for PBXNativeTarget "LoopWithMeTests" */ = {
			isa = XCConfigurationList;
			buildConfigurations = (
				299C22EF2878833E0022D102 /* Debug */,
				299C22F02878833E0022D102 /* Release */,
			);
			defaultConfigurationIsVisible = 0;
			defaultConfigurationName = Release;
		};
		299C22F12878833E0022D102 /* Build configuration list for PBXNativeTarget "LoopWithMeUITests" */ = {
			isa = XCConfigurationList;
			buildConfigurations = (
				299C22F22878833E0022D102 /* Debug */,
				299C22F32878833E0022D102 /* Release */,
			);
			defaultConfigurationIsVisible = 0;
			defaultConfigurationName = Release;
		};
/* End XCConfigurationList section */

/* Begin XCVersionGroup section */
		299C22C82878833D0022D102 /* LoopWithMe.xcdatamodeld */ = {
			isa = XCVersionGroup;
			children = (
				299C22C92878833D0022D102 /* LoopWithMe.xcdatamodel */,
			);
			currentVersion = 299C22C92878833D0022D102 /* LoopWithMe.xcdatamodel */;
			path = LoopWithMe.xcdatamodeld;
			sourceTree = "<group>";
			versionGroupType = wrapper.xcdatamodel;
		};
/* End XCVersionGroup section */
	};
	rootObject = 299C22B12878833D0022D102 /* Project object */;
}
